
Microsoft Visual Studio Solution File, Format Version 12.00
# Visual Studio 2013
VisualStudioVersion = 12.0.21005.1
MinimumVisualStudioVersion = 10.0.40219.1
Project("{FAE04EC0-301F-11D3-BF4B-00C04F79EFBC}") = "CreateDeviceIdentity", "CreateDeviceIdentity\CreateDeviceIdentity.csproj", "{3B056E31-DE37-403F-A229-5220CDE5F57A}"
EndProject
Project("{FAE04EC0-301F-11D3-BF4B-00C04F79EFBC}") = "ReadDeviceToCloudMessages", "ReadDeviceToCloudMessages\ReadDeviceToCloudMessages.csproj", "{20FD41B4-31C6-4CBB-A0E2-1BC39696E8F9}"
EndProject
Project("{FAE04EC0-301F-11D3-BF4B-00C04F79EFBC}") = "SimulatedDevice", "SimulatedDevice\SimulatedDevice.csproj", "{2FC6458D-11E8-4726-98B4-2BFB4A2E2A17}"
EndProject
Global
	GlobalSection(SolutionConfigurationPlatforms) = preSolution
		Debug|Any CPU = Debug|Any CPU
		Release|Any CPU = Release|Any CPU
	EndGlobalSection
	GlobalSection(ProjectConfigurationPlatforms) = postSolution
		{3B056E31-DE37-403F-A229-5220CDE5F57A}.Debug|Any CPU.ActiveCfg = Debug|Any CPU
		{3B056E31-DE37-403F-A229-5220CDE5F57A}.Debug|Any CPU.Build.0 = Debug|Any CPU
		{3B056E31-DE37-403F-A229-5220CDE5F57A}.Release|Any CPU.ActiveCfg = Release|Any CPU
		{3B056E31-DE37-403F-A229-5220CDE5F57A}.Release|Any CPU.Build.0 = Release|Any CPU
		{20FD41B4-31C6-4CBB-A0E2-1BC39696E8F9}.Debug|Any CPU.ActiveCfg = Debug|Any CPU
		{20FD41B4-31C6-4CBB-A0E2-1BC39696E8F9}.Debug|Any CPU.Build.0 = Debug|Any CPU
		{20FD41B4-31C6-4CBB-A0E2-1BC39696E8F9}.Release|Any CPU.ActiveCfg = Release|Any CPU
		{20FD41B4-31C6-4CBB-A0E2-1BC39696E8F9}.Release|Any CPU.Build.0 = Release|Any CPU
		{2FC6458D-11E8-4726-98B4-2BFB4A2E2A17}.Debug|Any CPU.ActiveCfg = Debug|Any CPU
		{2FC6458D-11E8-4726-98B4-2BFB4A2E2A17}.Debug|Any CPU.Build.0 = Debug|Any CPU
		{2FC6458D-11E8-4726-98B4-2BFB4A2E2A17}.Release|Any CPU.ActiveCfg = Release|Any CPU
		{2FC6458D-11E8-4726-98B4-2BFB4A2E2A17}.Release|Any CPU.Build.0 = Release|Any CPU
	EndGlobalSection
	GlobalSection(SolutionProperties) = preSolution
		HideSolutionNode = FALSE
	EndGlobalSection
EndGlobal
